
Microsoft Visual Studio Solution File, Format Version 12.00
# Visual Studio Version 16
VisualStudioVersion = 16.0.30907.101
MinimumVisualStudioVersion = 10.0.40219.1
Project("{FAE04EC0-301F-11D3-BF4B-00C04F79EFBC}") = "Provo_Restaurant_Suggestions", "Provo_Restaurant_Suggestions.csproj", "{F5F914A8-D19B-467F-A1DF-1BF5C75C28AB}"
EndProject
Global
	GlobalSection(SolutionConfigurationPlatforms) = preSolution
		Debug|Any CPU = Debug|Any CPU
		Release|Any CPU = Release|Any CPU
	EndGlobalSection
	GlobalSection(ProjectConfigurationPlatforms) = postSolution
		{F5F914A8-D19B-467F-A1DF-1BF5C75C28AB}.Debug|Any CPU.ActiveCfg = Debug|Any CPU
		{F5F914A8-D19B-467F-A1DF-1BF5C75C28AB}.Debug|Any CPU.Build.0 = Debug|Any CPU
		{F5F914A8-D19B-467F-A1DF-1BF5C75C28AB}.Release|Any CPU.ActiveCfg = Release|Any CPU
		{F5F914A8-D19B-467F-A1DF-1BF5C75C28AB}.Release|Any CPU.Build.0 = Release|Any CPU
	EndGlobalSection
	GlobalSection(SolutionProperties) = preSolution
		HideSolutionNode = FALSE
	EndGlobalSection
	GlobalSection(ExtensibilityGlobals) = postSolution
		SolutionGuid = {3519DC2A-070B-4BF8-8BFD-F8E8E73F096D}
	EndGlobalSection
EndGlobal
